
Microsoft Visual Studio Solution File, Format Version 12.00
# Visual Studio Version 16
VisualStudioVersion = 16.0.29009.5
MinimumVisualStudioVersion = 10.0.40219.1
Project("{FAE04EC0-301F-11D3-BF4B-00C04F79EFBC}") = "html-crawler", "html-crawler.csproj", "{53AFC632-D608-4B2A-B27B-6386C8A027C9}"
EndProject
Global
	GlobalSection(SolutionConfigurationPlatforms) = preSolution
		Debug|Any CPU = Debug|Any CPU
		Release|Any CPU = Release|Any CPU
	EndGlobalSection
	GlobalSection(ProjectConfigurationPlatforms) = postSolution
		{53AFC632-D608-4B2A-B27B-6386C8A027C9}.Debug|Any CPU.ActiveCfg = Debug|Any CPU
		{53AFC632-D608-4B2A-B27B-6386C8A027C9}.Debug|Any CPU.Build.0 = Debug|Any CPU
		{53AFC632-D608-4B2A-B27B-6386C8A027C9}.Release|Any CPU.ActiveCfg = Release|Any CPU
		{53AFC632-D608-4B2A-B27B-6386C8A027C9}.Release|Any CPU.Build.0 = Release|Any CPU
	EndGlobalSection
	GlobalSection(SolutionProperties) = preSolution
		HideSolutionNode = FALSE
	EndGlobalSection
	GlobalSection(ExtensibilityGlobals) = postSolution
		SolutionGuid = {59088E5B-11E9-466F-982E-7ED6114196AD}
	EndGlobalSection
EndGlobal
